
Microsoft Visual Studio Solution File, Format Version 12.00
# Visual Studio Version 17
VisualStudioVersion = 17.10.34928.147
MinimumVisualStudioVersion = 10.0.40219.1
Project("{9A19103F-16F7-4668-BE54-9A1E7A4F7556}") = "Cache.InMemory.WebAPI", "Cache.InMemory.WebAPI\Cache.InMemory.WebAPI.csproj", "{53F767CE-29DC-4A9D-AC8A-7A4CD49C1010}"
EndProject
Project("{2150E333-8FDC-42A3-9474-1A3956D46DE8}") = "Solution Items", "Solution Items", "{3C868FF0-96FA-4C7F-8420-261AC1DA4890}"
	ProjectSection(SolutionItems) = preProject
		1Readme-Caching info.txt = 1Readme-Caching info.txt
	EndProjectSection
EndProject
Project("{9A19103F-16F7-4668-BE54-9A1E7A4F7556}") = "Cache.Distributed.Redis.WebAPI", "Cache.Distributed.Redis.WebAPI\Cache.Distributed.Redis.WebAPI.csproj", "{5B3DEDB3-F5DE-41A3-B492-190530FEF1C5}"
EndProject
Project("{FAE04EC0-301F-11D3-BF4B-00C04F79EFBC}") = "Cache.BasicDemo", "Cache.BasicDemo\Cache.BasicDemo.csproj", "{18173DE1-7F13-4F91-AD86-FB8A36267830}"
EndProject
Project("{FAE04EC0-301F-11D3-BF4B-00C04F79EFBC}") = "Cache.InMemoryDistributed.Redis.WebAPI", "Cache.InMemoryDistributed.Redis.WebAPI\Cache.InMemoryDistributed.Redis.WebAPI.csproj", "{453874AA-7809-4E3E-8C9D-322B1D5C82D0}"
EndProject
Global
	GlobalSection(SolutionConfigurationPlatforms) = preSolution
		Debug|Any CPU = Debug|Any CPU
		Release|Any CPU = Release|Any CPU
	EndGlobalSection
	GlobalSection(ProjectConfigurationPlatforms) = postSolution
		{53F767CE-29DC-4A9D-AC8A-7A4CD49C1010}.Debug|Any CPU.ActiveCfg = Debug|Any CPU
		{53F767CE-29DC-4A9D-AC8A-7A4CD49C1010}.Debug|Any CPU.Build.0 = Debug|Any CPU
		{53F767CE-29DC-4A9D-AC8A-7A4CD49C1010}.Release|Any CPU.ActiveCfg = Release|Any CPU
		{53F767CE-29DC-4A9D-AC8A-7A4CD49C1010}.Release|Any CPU.Build.0 = Release|Any CPU
		{5B3DEDB3-F5DE-41A3-B492-190530FEF1C5}.Debug|Any CPU.ActiveCfg = Debug|Any CPU
		{5B3DEDB3-F5DE-41A3-B492-190530FEF1C5}.Debug|Any CPU.Build.0 = Debug|Any CPU
		{5B3DEDB3-F5DE-41A3-B492-190530FEF1C5}.Release|Any CPU.ActiveCfg = Release|Any CPU
		{5B3DEDB3-F5DE-41A3-B492-190530FEF1C5}.Release|Any CPU.Build.0 = Release|Any CPU
		{18173DE1-7F13-4F91-AD86-FB8A36267830}.Debug|Any CPU.ActiveCfg = Debug|Any CPU
		{18173DE1-7F13-4F91-AD86-FB8A36267830}.Debug|Any CPU.Build.0 = Debug|Any CPU
		{18173DE1-7F13-4F91-AD86-FB8A36267830}.Release|Any CPU.ActiveCfg = Release|Any CPU
		{18173DE1-7F13-4F91-AD86-FB8A36267830}.Release|Any CPU.Build.0 = Release|Any CPU
		{453874AA-7809-4E3E-8C9D-322B1D5C82D0}.Debug|Any CPU.ActiveCfg = Debug|Any CPU
		{453874AA-7809-4E3E-8C9D-322B1D5C82D0}.Debug|Any CPU.Build.0 = Debug|Any CPU
		{453874AA-7809-4E3E-8C9D-322B1D5C82D0}.Release|Any CPU.ActiveCfg = Release|Any CPU
		{453874AA-7809-4E3E-8C9D-322B1D5C82D0}.Release|Any CPU.Build.0 = Release|Any CPU
	EndGlobalSection
	GlobalSection(SolutionProperties) = preSolution
		HideSolutionNode = FALSE
	EndGlobalSection
	GlobalSection(ExtensibilityGlobals) = postSolution
		SolutionGuid = {72C80682-29AD-4056-9696-875EDA96D6ED}
	EndGlobalSection
EndGlobal
